{
    "_meta": {
        "hash": {
            "sha256": "bc78fc75cadf1b2bbfc69485500930e13765600de50c8897e82c85f9095f3bbf"
        },
        "pipfile-spec": 6,
        "requires": {
            "python_version": "3.10"
        },
        "sources": [
            {
                "name": "pypi",
                "url": "https://pypi.org/simple",
                "verify_ssl": true
            }
        ]
    },
    "default": {},
    "develop": {}
}
